{
  "name": "track-shack",
  "lockfileVersion": 3,
  "requires": true,
  "packages": {
    "": {
      "dependencies": {
        "wavesurfer.js": "^7.7.2"
      }
    },
    "node_modules/wavesurfer.js": {
      "version": "7.7.2",
      "resolved": "https://registry.npmjs.org/wavesurfer.js/-/wavesurfer.js-7.7.2.tgz",
      "integrity": "sha512-x7Kx9FS+bkuSTkJrKe/eZ9f30MarDLpucObPVDcGl1npYoq3x/8dspUOUhaUasV3ZBAdcF+BzCMfMX2UVUDhCg=="
    }
  }
}
